
Microsoft Visual Studio Solution File, Format Version 12.00
# Visual Studio Version 17
VisualStudioVersion = 17.7.34031.279
MinimumVisualStudioVersion = 10.0.40219.1
Project("{FAE04EC0-301F-11D3-BF4B-00C04F79EFBC}") = "NZWalks.API", "NZWalks.API\NZWalks.API.csproj", "{4342EB1A-BDFF-440D-A204-A4CA5FB05F14}"
EndProject
Global
	GlobalSection(SolutionConfigurationPlatforms) = preSolution
		Debug|Any CPU = Debug|Any CPU
		Release|Any CPU = Release|Any CPU
	EndGlobalSection
	GlobalSection(ProjectConfigurationPlatforms) = postSolution
		{4342EB1A-BDFF-440D-A204-A4CA5FB05F14}.Debug|Any CPU.ActiveCfg = Debug|Any CPU
		{4342EB1A-BDFF-440D-A204-A4CA5FB05F14}.Debug|Any CPU.Build.0 = Debug|Any CPU
		{4342EB1A-BDFF-440D-A204-A4CA5FB05F14}.Release|Any CPU.ActiveCfg = Release|Any CPU
		{4342EB1A-BDFF-440D-A204-A4CA5FB05F14}.Release|Any CPU.Build.0 = Release|Any CPU
	EndGlobalSection
	GlobalSection(SolutionProperties) = preSolution
		HideSolutionNode = FALSE
	EndGlobalSection
	GlobalSection(ExtensibilityGlobals) = postSolution
		SolutionGuid = {6297C9D7-E40F-4060-8174-CA1BD01B1AA2}
	EndGlobalSection
EndGlobal
